
Microsoft Visual Studio Solution File, Format Version 12.00
# Visual Studio Version 17
VisualStudioVersion = 17.13.35818.85 d17.13
MinimumVisualStudioVersion = 10.0.40219.1
Project("{FAE04EC0-301F-11D3-BF4B-00C04F79EFBC}") = "AsciiToData", "AsciiToData\AsciiToData.csproj", "{EA222A19-535B-4132-8455-B9C1A805AFC5}"
EndProject
Global
	GlobalSection(SolutionConfigurationPlatforms) = preSolution
		Debug|Any CPU = Debug|Any CPU
		Release|Any CPU = Release|Any CPU
	EndGlobalSection
	GlobalSection(ProjectConfigurationPlatforms) = postSolution
		{EA222A19-535B-4132-8455-B9C1A805AFC5}.Debug|Any CPU.ActiveCfg = Debug|Any CPU
		{EA222A19-535B-4132-8455-B9C1A805AFC5}.Debug|Any CPU.Build.0 = Debug|Any CPU
		{EA222A19-535B-4132-8455-B9C1A805AFC5}.Release|Any CPU.ActiveCfg = Release|Any CPU
		{EA222A19-535B-4132-8455-B9C1A805AFC5}.Release|Any CPU.Build.0 = Release|Any CPU
	EndGlobalSection
	GlobalSection(SolutionProperties) = preSolution
		HideSolutionNode = FALSE
	EndGlobalSection
	GlobalSection(ExtensibilityGlobals) = postSolution
		SolutionGuid = {81DDDA09-156B-4846-ABFD-8E13BAB59EFC}
	EndGlobalSection
EndGlobal
